
Microsoft Visual Studio Solution File, Format Version 12.00
# Visual Studio 14
VisualStudioVersion = 14.0.25420.1
MinimumVisualStudioVersion = 10.0.40219.1
Project("{FAE04EC0-301F-11D3-BF4B-00C04F79EFBC}") = "GetType", "GetType\GetType.csproj", "{CA560535-12D2-4B9A-AB37-6F1FB1A4D1D0}"
EndProject
Global
	GlobalSection(SolutionConfigurationPlatforms) = preSolution
		Debug|Any CPU = Debug|Any CPU
		Release|Any CPU = Release|Any CPU
	EndGlobalSection
	GlobalSection(ProjectConfigurationPlatforms) = postSolution
		{CA560535-12D2-4B9A-AB37-6F1FB1A4D1D0}.Debug|Any CPU.ActiveCfg = Debug|Any CPU
		{CA560535-12D2-4B9A-AB37-6F1FB1A4D1D0}.Debug|Any CPU.Build.0 = Debug|Any CPU
		{CA560535-12D2-4B9A-AB37-6F1FB1A4D1D0}.Release|Any CPU.ActiveCfg = Release|Any CPU
		{CA560535-12D2-4B9A-AB37-6F1FB1A4D1D0}.Release|Any CPU.Build.0 = Release|Any CPU
	EndGlobalSection
	GlobalSection(SolutionProperties) = preSolution
		HideSolutionNode = FALSE
	EndGlobalSection
EndGlobal
