
Microsoft Visual Studio Solution File, Format Version 12.00
# Visual Studio 14
VisualStudioVersion = 14.0.23107.0
MinimumVisualStudioVersion = 10.0.40219.1
Project("{FAE04EC0-301F-11D3-BF4B-00C04F79EFBC}") = "p256_CowCalculator", "p256_CowCalculator\p256_CowCalculator.csproj", "{AFDB3D70-4F44-4008-B2C8-A056F85FBB37}"
EndProject
Global
	GlobalSection(SolutionConfigurationPlatforms) = preSolution
		Debug|Any CPU = Debug|Any CPU
		Release|Any CPU = Release|Any CPU
	EndGlobalSection
	GlobalSection(ProjectConfigurationPlatforms) = postSolution
		{AFDB3D70-4F44-4008-B2C8-A056F85FBB37}.Debug|Any CPU.ActiveCfg = Debug|Any CPU
		{AFDB3D70-4F44-4008-B2C8-A056F85FBB37}.Debug|Any CPU.Build.0 = Debug|Any CPU
		{AFDB3D70-4F44-4008-B2C8-A056F85FBB37}.Release|Any CPU.ActiveCfg = Release|Any CPU
		{AFDB3D70-4F44-4008-B2C8-A056F85FBB37}.Release|Any CPU.Build.0 = Release|Any CPU
	EndGlobalSection
	GlobalSection(SolutionProperties) = preSolution
		HideSolutionNode = FALSE
	EndGlobalSection
EndGlobal
